
Microsoft Visual Studio Solution File, Format Version 12.00
# Visual Studio Version 17
VisualStudioVersion = 17.8.34525.116
MinimumVisualStudioVersion = 10.0.40219.1
Project("{FAE04EC0-301F-11D3-BF4B-00C04F79EFBC}") = "backend", "backend.csproj", "{701B90F9-77E6-4A70-8834-0FAEBAD84831}"
EndProject
Global
	GlobalSection(SolutionConfigurationPlatforms) = preSolution
		Debug|Any CPU = Debug|Any CPU
		Release|Any CPU = Release|Any CPU
	EndGlobalSection
	GlobalSection(ProjectConfigurationPlatforms) = postSolution
		{701B90F9-77E6-4A70-8834-0FAEBAD84831}.Debug|Any CPU.ActiveCfg = Debug|Any CPU
		{701B90F9-77E6-4A70-8834-0FAEBAD84831}.Debug|Any CPU.Build.0 = Debug|Any CPU
		{701B90F9-77E6-4A70-8834-0FAEBAD84831}.Release|Any CPU.ActiveCfg = Release|Any CPU
		{701B90F9-77E6-4A70-8834-0FAEBAD84831}.Release|Any CPU.Build.0 = Release|Any CPU
	EndGlobalSection
	GlobalSection(SolutionProperties) = preSolution
		HideSolutionNode = FALSE
	EndGlobalSection
	GlobalSection(ExtensibilityGlobals) = postSolution
		SolutionGuid = {E6580B9D-0FE0-4492-940C-7C663EF27377}
	EndGlobalSection
EndGlobal
